<?xml version="1.0" encoding="utf-8"?>
<Project ToolsVersion="4.0" xmlns="http://schemas.microsoft.com/developer/msbuild/2003">
  <ItemGroup>
    <Filter Include="Resource Files">
      <UniqueIdentifier>{67DA6AB6-F800-4c08-8B7A-83BB121AAD01}</UniqueIdentifier>
      <Extensions>rc;ico;cur;bmp;dlg;rc2;rct;bin;rgs;gif;jpg;jpeg;jpe;resx;tiff;tif;png;wav;mfcribbon-ms</Extensions>
    </Filter>
    <Filter Include="Cube Solver">
      <UniqueIdentifier>{4FC737F1-C7A5-4376-A066-2A32D752A2FF}</UniqueIdentifier>
      <Extensions>cpp;c;cc;cxx;c++;cppm;ixx;def;odl;idl;hpj;bat;asm;asmx</Extensions>
    </Filter>
    <Filter Include="Cube Solver Headers">
      <UniqueIdentifier>{93995380-89BD-4b04-88EB-625FBE52EBFB}</UniqueIdentifier>
      <Extensions>h;hh;hpp;hxx;h++;hm;inl;inc;ipp;xsd</Extensions>
    </Filter>
    <Filter Include="openCV">
      <UniqueIdentifier>{569aca3c-d6fb-48b2-b8c7-2998b637a576}</UniqueIdentifier>
    </Filter>
    <Filter Include="openCV Headers">
      <UniqueIdentifier>{1469d013-810a-4f41-8f13-b454fd083604}</UniqueIdentifier>
    </Filter>
  </ItemGroup>
  <ItemGroup>
    <ClCompile Include="facelet_rotate.cpp">
      <Filter>Cube Solver</Filter>
    </ClCompile>
    <ClCompile Include="main.cpp">
      <Filter>Cube Solver</Filter>
    </ClCompile>
    <ClCompile Include="phase1_solve.cpp">
      <Filter>Cube Solver</Filter>
    </ClCompile>
    <ClCompile Include="phase2_solve.cpp">
      <Filter>Cube Solver</Filter>
    </ClCompile>
    <ClCompile Include="pruning_table.cpp">
      <Filter>Cube Solver</Filter>
    </ClCompile>
    <ClCompile Include="phase3_solve.cpp">
      <Filter>Cube Solver</Filter>
    </ClCompile>
    <ClCompile Include="phase4_solve.cpp">
      <Filter>Cube Solver</Filter>
    </ClCompile>
    <ClCompile Include="cube_structure.cpp">
      <Filter>openCV</Filter>
    </ClCompile>
  </ItemGroup>
  <ItemGroup>
    <ClInclude Include="facelet_rotate.h">
      <Filter>Cube Solver Headers</Filter>
    </ClInclude>
    <ClInclude Include="phase1_solve.h">
      <Filter>Cube Solver Headers</Filter>
    </ClInclude>
    <ClInclude Include="phase2_solve.h">
      <Filter>Cube Solver Headers</Filter>
    </ClInclude>
    <ClInclude Include="pruning_table.h">
      <Filter>Cube Solver Headers</Filter>
    </ClInclude>
    <ClInclude Include="phase3_solve.h">
      <Filter>Cube Solver Headers</Filter>
    </ClInclude>
    <ClInclude Include="phase4_solve.h">
      <Filter>Cube Solver Headers</Filter>
    </ClInclude>
    <ClInclude Include="cube_structure.h">
      <Filter>openCV Headers</Filter>
    </ClInclude>
  </ItemGroup>
</Project>